
Microsoft Visual Studio Solution File, Format Version 12.00
# Visual Studio Version 17
VisualStudioVersion = 17.4.33213.308
MinimumVisualStudioVersion = 10.0.40219.1
Project("{FAE04EC0-301F-11D3-BF4B-00C04F79EFBC}") = "database", "database\database.csproj", "{BB1CCDFD-8E5D-4773-8FD4-8172DA027CF8}"
EndProject
Global
	GlobalSection(SolutionConfigurationPlatforms) = preSolution
		Debug|Any CPU = Debug|Any CPU
		Release|Any CPU = Release|Any CPU
	EndGlobalSection
	GlobalSection(ProjectConfigurationPlatforms) = postSolution
		{BB1CCDFD-8E5D-4773-8FD4-8172DA027CF8}.Debug|Any CPU.ActiveCfg = Debug|Any CPU
		{BB1CCDFD-8E5D-4773-8FD4-8172DA027CF8}.Debug|Any CPU.Build.0 = Debug|Any CPU
		{BB1CCDFD-8E5D-4773-8FD4-8172DA027CF8}.Release|Any CPU.ActiveCfg = Release|Any CPU
		{BB1CCDFD-8E5D-4773-8FD4-8172DA027CF8}.Release|Any CPU.Build.0 = Release|Any CPU
	EndGlobalSection
	GlobalSection(SolutionProperties) = preSolution
		HideSolutionNode = FALSE
	EndGlobalSection
	GlobalSection(ExtensibilityGlobals) = postSolution
		SolutionGuid = {9C83F605-203E-4C14-8F02-E83C3DD52702}
	EndGlobalSection
EndGlobal
