
Microsoft Visual Studio Solution File, Format Version 12.00
# Visual Studio Version 17
VisualStudioVersion = 17.4.33213.308
MinimumVisualStudioVersion = 10.0.40219.1
Project("{FAE04EC0-301F-11D3-BF4B-00C04F79EFBC}") = "Assignment1Final", "Assignment1Final\Assignment1Final.csproj", "{DD54466E-91D4-44D7-B3F6-99FE4B7E6FFB}"
EndProject
Global
	GlobalSection(SolutionConfigurationPlatforms) = preSolution
		Debug|Any CPU = Debug|Any CPU
		Release|Any CPU = Release|Any CPU
	EndGlobalSection
	GlobalSection(ProjectConfigurationPlatforms) = postSolution
		{DD54466E-91D4-44D7-B3F6-99FE4B7E6FFB}.Debug|Any CPU.ActiveCfg = Debug|Any CPU
		{DD54466E-91D4-44D7-B3F6-99FE4B7E6FFB}.Debug|Any CPU.Build.0 = Debug|Any CPU
		{DD54466E-91D4-44D7-B3F6-99FE4B7E6FFB}.Release|Any CPU.ActiveCfg = Release|Any CPU
		{DD54466E-91D4-44D7-B3F6-99FE4B7E6FFB}.Release|Any CPU.Build.0 = Release|Any CPU
	EndGlobalSection
	GlobalSection(SolutionProperties) = preSolution
		HideSolutionNode = FALSE
	EndGlobalSection
	GlobalSection(ExtensibilityGlobals) = postSolution
		SolutionGuid = {601E2606-1E34-4DC0-B0DC-74B27E11E3AB}
	EndGlobalSection
EndGlobal
