
Microsoft Visual Studio Solution File, Format Version 12.00
# Visual Studio Version 17
VisualStudioVersion = 17.4.33213.308
MinimumVisualStudioVersion = 10.0.40219.1
Project("{FAE04EC0-301F-11D3-BF4B-00C04F79EFBC}") = "Lab3.1", "Lab3.1\Lab3.1.csproj", "{DC8DF3A0-C14C-41ED-8DFE-CF3D08F6B922}"
EndProject
Global
	GlobalSection(SolutionConfigurationPlatforms) = preSolution
		Debug|Any CPU = Debug|Any CPU
		Release|Any CPU = Release|Any CPU
	EndGlobalSection
	GlobalSection(ProjectConfigurationPlatforms) = postSolution
		{DC8DF3A0-C14C-41ED-8DFE-CF3D08F6B922}.Debug|Any CPU.ActiveCfg = Debug|Any CPU
		{DC8DF3A0-C14C-41ED-8DFE-CF3D08F6B922}.Debug|Any CPU.Build.0 = Debug|Any CPU
		{DC8DF3A0-C14C-41ED-8DFE-CF3D08F6B922}.Release|Any CPU.ActiveCfg = Release|Any CPU
		{DC8DF3A0-C14C-41ED-8DFE-CF3D08F6B922}.Release|Any CPU.Build.0 = Release|Any CPU
	EndGlobalSection
	GlobalSection(SolutionProperties) = preSolution
		HideSolutionNode = FALSE
	EndGlobalSection
	GlobalSection(ExtensibilityGlobals) = postSolution
		SolutionGuid = {0D5EB764-BBA5-40AF-8C4A-C195CCA13AD5}
	EndGlobalSection
EndGlobal
